
Microsoft Visual Studio Solution File, Format Version 12.00
# Visual Studio 2012
Project("{FAE04EC0-301F-11D3-BF4B-00C04F79EFBC}") = "BabbyJotz", "BabbyJotz\BabbyJotz.csproj", "{7465C510-48E8-4464-8AC7-7203308AD767}"
EndProject
Project("{FAE04EC0-301F-11D3-BF4B-00C04F79EFBC}") = "BabbyJotz.iOS", "iOS\BabbyJotz.iOS.csproj", "{1CF379D5-0D24-4C49-93ED-514920EEE856}"
EndProject
Project("{FAE04EC0-301F-11D3-BF4B-00C04F79EFBC}") = "BabbyJotz.Android", "Android\BabbyJotz.Android.csproj", "{0829D5E1-A396-4F97-AE21-750EFF7CB99E}"
EndProject
Global
	GlobalSection(SolutionConfigurationPlatforms) = preSolution
		Debug|Any CPU = Debug|Any CPU
		Release|Any CPU = Release|Any CPU
		Debug|iPhoneSimulator = Debug|iPhoneSimulator
		Release|iPhoneSimulator = Release|iPhoneSimulator
		Debug|iPhone = Debug|iPhone
		Release|iPhone = Release|iPhone
		Ad-Hoc|iPhone = Ad-Hoc|iPhone
		AppStore|iPhone = AppStore|iPhone
	EndGlobalSection
	GlobalSection(ProjectConfigurationPlatforms) = postSolution
		{0829D5E1-A396-4F97-AE21-750EFF7CB99E}.Ad-Hoc|iPhone.ActiveCfg = Debug|Any CPU
		{0829D5E1-A396-4F97-AE21-750EFF7CB99E}.Ad-Hoc|iPhone.Build.0 = Debug|Any CPU
		{0829D5E1-A396-4F97-AE21-750EFF7CB99E}.AppStore|iPhone.ActiveCfg = Debug|Any CPU
		{0829D5E1-A396-4F97-AE21-750EFF7CB99E}.AppStore|iPhone.Build.0 = Debug|Any CPU
		{0829D5E1-A396-4F97-AE21-750EFF7CB99E}.Debug|Any CPU.ActiveCfg = Debug|Any CPU
		{0829D5E1-A396-4F97-AE21-750EFF7CB99E}.Debug|Any CPU.Build.0 = Debug|Any CPU
		{0829D5E1-A396-4F97-AE21-750EFF7CB99E}.Debug|iPhone.ActiveCfg = Debug|Any CPU
		{0829D5E1-A396-4F97-AE21-750EFF7CB99E}.Debug|iPhone.Build.0 = Debug|Any CPU
		{0829D5E1-A396-4F97-AE21-750EFF7CB99E}.Debug|iPhoneSimulator.ActiveCfg = Debug|Any CPU
		{0829D5E1-A396-4F97-AE21-750EFF7CB99E}.Debug|iPhoneSimulator.Build.0 = Debug|Any CPU
		{0829D5E1-A396-4F97-AE21-750EFF7CB99E}.Release|Any CPU.ActiveCfg = Release|Any CPU
		{0829D5E1-A396-4F97-AE21-750EFF7CB99E}.Release|Any CPU.Build.0 = Release|Any CPU
		{0829D5E1-A396-4F97-AE21-750EFF7CB99E}.Release|iPhone.ActiveCfg = Release|Any CPU
		{0829D5E1-A396-4F97-AE21-750EFF7CB99E}.Release|iPhone.Build.0 = Release|Any CPU
		{0829D5E1-A396-4F97-AE21-750EFF7CB99E}.Release|iPhoneSimulator.ActiveCfg = Release|Any CPU
		{0829D5E1-A396-4F97-AE21-750EFF7CB99E}.Release|iPhoneSimulator.Build.0 = Release|Any CPU
		{1CF379D5-0D24-4C49-93ED-514920EEE856}.Ad-Hoc|iPhone.ActiveCfg = Ad-Hoc|iPhone
		{1CF379D5-0D24-4C49-93ED-514920EEE856}.Ad-Hoc|iPhone.Build.0 = Ad-Hoc|iPhone
		{1CF379D5-0D24-4C49-93ED-514920EEE856}.AppStore|iPhone.ActiveCfg = AppStore|iPhone
		{1CF379D5-0D24-4C49-93ED-514920EEE856}.AppStore|iPhone.Build.0 = AppStore|iPhone
		{1CF379D5-0D24-4C49-93ED-514920EEE856}.Debug|Any CPU.ActiveCfg = Debug|iPhoneSimulator
		{1CF379D5-0D24-4C49-93ED-514920EEE856}.Debug|Any CPU.Build.0 = Debug|iPhoneSimulator
		{1CF379D5-0D24-4C49-93ED-514920EEE856}.Debug|iPhone.ActiveCfg = Debug|iPhone
		{1CF379D5-0D24-4C49-93ED-514920EEE856}.Debug|iPhone.Build.0 = Debug|iPhone
		{1CF379D5-0D24-4C49-93ED-514920EEE856}.Debug|iPhoneSimulator.ActiveCfg = Debug|iPhoneSimulator
		{1CF379D5-0D24-4C49-93ED-514920EEE856}.Debug|iPhoneSimulator.Build.0 = Debug|iPhoneSimulator
		{1CF379D5-0D24-4C49-93ED-514920EEE856}.Release|Any CPU.ActiveCfg = Release|iPhoneSimulator
		{1CF379D5-0D24-4C49-93ED-514920EEE856}.Release|Any CPU.Build.0 = Release|iPhoneSimulator
		{1CF379D5-0D24-4C49-93ED-514920EEE856}.Release|iPhone.ActiveCfg = Release|iPhone
		{1CF379D5-0D24-4C49-93ED-514920EEE856}.Release|iPhone.Build.0 = Release|iPhone
		{1CF379D5-0D24-4C49-93ED-514920EEE856}.Release|iPhoneSimulator.ActiveCfg = Release|iPhoneSimulator
		{1CF379D5-0D24-4C49-93ED-514920EEE856}.Release|iPhoneSimulator.Build.0 = Release|iPhoneSimulator
		{7465C510-48E8-4464-8AC7-7203308AD767}.Ad-Hoc|iPhone.ActiveCfg = Debug|Any CPU
		{7465C510-48E8-4464-8AC7-7203308AD767}.Ad-Hoc|iPhone.Build.0 = Debug|Any CPU
		{7465C510-48E8-4464-8AC7-7203308AD767}.AppStore|iPhone.ActiveCfg = Debug|Any CPU
		{7465C510-48E8-4464-8AC7-7203308AD767}.AppStore|iPhone.Build.0 = Debug|Any CPU
		{7465C510-48E8-4464-8AC7-7203308AD767}.Debug|Any CPU.ActiveCfg = Debug|Any CPU
		{7465C510-48E8-4464-8AC7-7203308AD767}.Debug|Any CPU.Build.0 = Debug|Any CPU
		{7465C510-48E8-4464-8AC7-7203308AD767}.Debug|iPhone.ActiveCfg = Debug|Any CPU
		{7465C510-48E8-4464-8AC7-7203308AD767}.Debug|iPhone.Build.0 = Debug|Any CPU
		{7465C510-48E8-4464-8AC7-7203308AD767}.Debug|iPhoneSimulator.ActiveCfg = Debug|Any CPU
		{7465C510-48E8-4464-8AC7-7203308AD767}.Debug|iPhoneSimulator.Build.0 = Debug|Any CPU
		{7465C510-48E8-4464-8AC7-7203308AD767}.Release|Any CPU.ActiveCfg = Release|Any CPU
		{7465C510-48E8-4464-8AC7-7203308AD767}.Release|Any CPU.Build.0 = Release|Any CPU
		{7465C510-48E8-4464-8AC7-7203308AD767}.Release|iPhone.ActiveCfg = Release|Any CPU
		{7465C510-48E8-4464-8AC7-7203308AD767}.Release|iPhone.Build.0 = Release|Any CPU
		{7465C510-48E8-4464-8AC7-7203308AD767}.Release|iPhoneSimulator.ActiveCfg = Release|Any CPU
		{7465C510-48E8-4464-8AC7-7203308AD767}.Release|iPhoneSimulator.Build.0 = Release|Any CPU
	EndGlobalSection
	GlobalSection(MonoDevelopProperties) = preSolution
		StartupItem = Android\BabbyJotz.Android.csproj
		Policies = $0
		$0.TextStylePolicy = $1
		$1.FileWidth = 120
		$1.NoTabsAfterNonTabs = True
		$1.inheritsSet = VisualStudio
		$1.inheritsScope = text/plain
		$1.scope = text/plain
		$0.TextStylePolicy = $2
		$2.inheritsSet = null
		$2.scope = text/x-csharp
		$0.CSharpFormattingPolicy = $3
		$3.IndentSwitchBody = True
		$3.AlignEmbeddedStatements = False
		$3.NamespaceBraceStyle = EndOfLine
		$3.ClassBraceStyle = EndOfLine
		$3.InterfaceBraceStyle = EndOfLine
		$3.StructBraceStyle = EndOfLine
		$3.EnumBraceStyle = EndOfLine
		$3.MethodBraceStyle = EndOfLine
		$3.ConstructorBraceStyle = EndOfLine
		$3.DestructorBraceStyle = EndOfLine
		$3.BeforeMethodDeclarationParentheses = False
		$3.BeforeMethodCallParentheses = False
		$3.BeforeConstructorDeclarationParentheses = False
		$3.NewLineBeforeConstructorInitializerColon = SameLine
		$3.NewLineAfterConstructorInitializerColon = SameLine
		$3.BeforeIndexerDeclarationBracket = False
		$3.BeforeDelegateDeclarationParentheses = False
		$3.AfterDelegateDeclarationParameterComma = True
		$3.NewParentheses = False
		$3.SpacesBeforeBrackets = False
		$3.AlignToFirstMethodDeclarationParameter = False
		$3.AlignToFirstIndexerDeclarationParameter = False
		$3.inheritsSet = Mono
		$3.inheritsScope = text/x-csharp
		$3.scope = text/x-csharp
		$0.TextStylePolicy = $4
		$4.inheritsSet = null
		$4.scope = application/xaml+xml
		$0.XmlFormattingPolicy = $5
		$5.inheritsSet = null
		$5.scope = application/xaml+xml
		$0.TextStylePolicy = $6
		$6.inheritsSet = null
		$6.scope = application/xml
		$0.XmlFormattingPolicy = $7
		$7.DefaultFormat = $8
		$8.AttributesInNewLine = True
		$8.AlignAttributes = True
		$8.AlignAttributeValues = True
		$7.inheritsSet = Mono
		$7.inheritsScope = application/xml
		$7.scope = application/xml
		$0.TextStylePolicy = $9
		$9.inheritsSet = null
		$9.scope = application/config+xml
		$0.XmlFormattingPolicy = $10
		$10.inheritsSet = null
		$10.scope = application/config+xml
	EndGlobalSection
EndGlobal
